// !$*UTF8*$!
{
	archiveVersion = 1;
	classes = {
	};
	objectVersion = 46;
	objects = {

/* Begin PBXBuildFile section */
		3E9D666B19B5788A001EC9B1 /* AppDelegate.swift in Sources */ = {isa = PBXBuildFile; fileRef = 3E9D666A19B5788A001EC9B1 /* AppDelegate.swift */; };
		3E9D666D19B5788A001EC9B1 /* ViewController.swift in Sources */ = {isa = PBXBuildFile; fileRef = 3E9D666C19B5788A001EC9B1 /* ViewController.swift */; };
		3E9D667019B5788A001EC9B1 /* Main.storyboard in Resources */ = {isa = PBXBuildFile; fileRef = 3E9D666E19B5788A001EC9B1 /* Main.storyboard */; };
		3E9D667219B5788A001EC9B1 /* Images.xcassets in Resources */ = {isa = PBXBuildFile; fileRef = 3E9D667119B5788A001EC9B1 /* Images.xcassets */; };
		3E9D667E19B5788A001EC9B1 /* InlineTestTests.swift in Sources */ = {isa = PBXBuildFile; fileRef = 3E9D667D19B5788A001EC9B1 /* InlineTestTests.swift */; };
		3E9D668819B593C6001EC9B1 /* ArrayWrapper.swift in Sources */ = {isa = PBXBuildFile; fileRef = 3E9D668719B593C6001EC9B1 /* ArrayWrapper.swift */; };
/* End PBXBuildFile section */

/* Begin PBXContainerItemProxy section */
		3E9D667819B5788A001EC9B1 /* PBXContainerItemProxy */ = {
			isa = PBXContainerItemProxy;
			containerPortal = 3E9D665D19B5788A001EC9B1 /* Project object */;
			proxyType = 1;
			remoteGlobalIDString = 3E9D666419B5788A001EC9B1;
			remoteInfo = InlineTest;
		};
/* End PBXContainerItemProxy section */

/* Begin PBXFileReference section */
		3E9D666519B5788A001EC9B1 /* InlineTest.app */ = {isa = PBXFileReference; explicitFileType = wrapper.application; includeInIndex = 0; path = InlineTest.app; sourceTree = BUILT_PRODUCTS_DIR; };
		3E9D666919B5788A001EC9B1 /* Info.plist */ = {isa = PBXFileReference; lastKnownFileType = text.plist.xml; path = Info.plist; sourceTree = "<group>"; };
		3E9D666A19B5788A001EC9B1 /* AppDelegate.swift */ = {isa = PBXFileReference; lastKnownFileType = sourcecode.swift; path = AppDelegate.swift; sourceTree = "<group>"; };
		3E9D666C19B5788A001EC9B1 /* ViewController.swift */ = {isa = PBXFileReference; lastKnownFileType = sourcecode.swift; path = ViewController.swift; sourceTree = "<group>"; };
		3E9D666F19B5788A001EC9B1 /* Base */ = {isa = PBXFileReference; lastKnownFileType = file.storyboard; name = Base; path = Base.lproj/Main.storyboard; sourceTree = "<group>"; };
		3E9D667119B5788A001EC9B1 /* Images.xcassets */ = {isa = PBXFileReference; lastKnownFileType = folder.assetcatalog; path = Images.xcassets; sourceTree = "<group>"; };
		3E9D667719B5788A001EC9B1 /* InlineTestTests.xctest */ = {isa = PBXFileReference; explicitFileType = wrapper.cfbundle; includeInIndex = 0; path = InlineTestTests.xctest; sourceTree = BUILT_PRODUCTS_DIR; };
		3E9D667C19B5788A001EC9B1 /* Info.plist */ = {isa = PBXFileReference; lastKnownFileType = text.plist.xml; path = Info.plist; sourceTree = "<group>"; };
		3E9D667D19B5788A001EC9B1 /* InlineTestTests.swift */ = {isa = PBXFileReference; lastKnownFileType = sourcecode.swift; path = InlineTestTests.swift; sourceTree = "<group>"; };
		3E9D668719B593C6001EC9B1 /* ArrayWrapper.swift */ = {isa = PBXFileReference; fileEncoding = 4; lastKnownFileType = sourcecode.swift; path = ArrayWrapper.swift; sourceTree = "<group>"; };
/* End PBXFileReference section */

/* Begin PBXFrameworksBuildPhase section */
		3E9D666219B5788A001EC9B1 /* Frameworks */ = {
			isa = PBXFrameworksBuildPhase;
			buildActionMask = 2147483647;
			files = (
			);
			runOnlyForDeploymentPostprocessing = 0;
		};
		3E9D667419B5788A001EC9B1 /* Frameworks */ = {
			isa = PBXFrameworksBuildPhase;
			buildActionMask = 2147483647;
			files = (
			);
			runOnlyForDeploymentPostprocessing = 0;
		};
/* End PBXFrameworksBuildPhase section */

/* Begin PBXGroup section */
		3E9D665C19B5788A001EC9B1 = {
			isa = PBXGroup;
			children = (
				3E9D666719B5788A001EC9B1 /* InlineTest */,
				3E9D667A19B5788A001EC9B1 /* InlineTestTests */,
				3E9D666619B5788A001EC9B1 /* Products */,
			);
			sourceTree = "<group>";
		};
		3E9D666619B5788A001EC9B1 /* Products */ = {
			isa = PBXGroup;
			children = (
				3E9D666519B5788A001EC9B1 /* InlineTest.app */,
				3E9D667719B5788A001EC9B1 /* InlineTestTests.xctest */,
			);
			name = Products;
			sourceTree = "<group>";
		};
		3E9D666719B5788A001EC9B1 /* InlineTest */ = {
			isa = PBXGroup;
			children = (
				3E9D666A19B5788A001EC9B1 /* AppDelegate.swift */,
				3E9D666C19B5788A001EC9B1 /* ViewController.swift */,
				3E9D666E19B5788A001EC9B1 /* Main.storyboard */,
				3E9D667119B5788A001EC9B1 /* Images.xcassets */,
				3E9D666819B5788A001EC9B1 /* Supporting Files */,
				3E9D668719B593C6001EC9B1 /* ArrayWrapper.swift */,
			);
			path = InlineTest;
			sourceTree = "<group>";
		};
		3E9D666819B5788A001EC9B1 /* Supporting Files */ = {
			isa = PBXGroup;
			children = (
				3E9D666919B5788A001EC9B1 /* Info.plist */,
			);
			name = "Supporting Files";
			sourceTree = "<group>";
		};
		3E9D667A19B5788A001EC9B1 /* InlineTestTests */ = {
			isa = PBXGroup;
			children = (
				3E9D667D19B5788A001EC9B1 /* InlineTestTests.swift */,
				3E9D667B19B5788A001EC9B1 /* Supporting Files */,
			);
			path = InlineTestTests;
			sourceTree = "<group>";
		};
		3E9D667B19B5788A001EC9B1 /* Supporting Files */ = {
			isa = PBXGroup;
			children = (
				3E9D667C19B5788A001EC9B1 /* Info.plist */,
			);
			name = "Supporting Files";
			sourceTree = "<group>";
		};
/* End PBXGroup section */

/* Begin PBXNativeTarget section */
		3E9D666419B5788A001EC9B1 /* InlineTest */ = {
			isa = PBXNativeTarget;
			buildConfigurationList = 3E9D668119B5788A001EC9B1 /* Build configuration list for PBXNativeTarget "InlineTest" */;
			buildPhases = (
				3E9D666119B5788A001EC9B1 /* Sources */,
				3E9D666219B5788A001EC9B1 /* Frameworks */,
				3E9D666319B5788A001EC9B1 /* Resources */,
			);
			buildRules = (
			);
			dependencies = (
			);
			name = InlineTest;
			productName = InlineTest;
			productReference = 3E9D666519B5788A001EC9B1 /* InlineTest.app */;
			productType = "com.apple.product-type.application";
		};
		3E9D667619B5788A001EC9B1 /* InlineTestTests */ = {
			isa = PBXNativeTarget;
			buildConfigurationList = 3E9D668419B5788A001EC9B1 /* Build configuration list for PBXNativeTarget "InlineTestTests" */;
			buildPhases = (
				3E9D667319B5788A001EC9B1 /* Sources */,
				3E9D667419B5788A001EC9B1 /* Frameworks */,
				3E9D667519B5788A001EC9B1 /* Resources */,
			);
			buildRules = (
			);
			dependencies = (
				3E9D667919B5788A001EC9B1 /* PBXTargetDependency */,
			);
			name = InlineTestTests;
			productName = InlineTestTests;
			productReference = 3E9D667719B5788A001EC9B1 /* InlineTestTests.xctest */;
			productType = "com.apple.product-type.bundle.unit-test";
		};
/* End PBXNativeTarget section */

/* Begin PBXProject section */
		3E9D665D19B5788A001EC9B1 /* Project object */ = {
			isa = PBXProject;
			attributes = {
				LastUpgradeCheck = 0600;
				ORGANIZATIONNAME = "Simon Gladman";
				TargetAttributes = {
					3E9D666419B5788A001EC9B1 = {
						CreatedOnToolsVersion = 6.0;
					};
					3E9D667619B5788A001EC9B1 = {
						CreatedOnToolsVersion = 6.0;
						TestTargetID = 3E9D666419B5788A001EC9B1;
					};
				};
			};
			buildConfigurationList = 3E9D666019B5788A001EC9B1 /* Build configuration list for PBXProject "InlineTest" */;
			compatibilityVersion = "Xcode 3.2";
			developmentRegion = English;
			hasScannedForEncodings = 0;
			knownRegions = (
				en,
				Base,
			);
			mainGroup = 3E9D665C19B5788A001EC9B1;
			productRefGroup = 3E9D666619B5788A001EC9B1 /* Products */;
			projectDirPath = "";
			projectRoot = "";
			targets = (
				3E9D666419B5788A001EC9B1 /* InlineTest */,
				3E9D667619B5788A001EC9B1 /* InlineTestTests */,
			);
		};
/* End PBXProject section */

/* Begin PBXResourcesBuildPhase section */
		3E9D666319B5788A001EC9B1 /* Resources */ = {
			isa = PBXResourcesBuildPhase;
			buildActionMask = 2147483647;
			files = (
				3E9D667019B5788A001EC9B1 /* Main.storyboard in Resources */,
				3E9D667219B5788A001EC9B1 /* Images.xcassets in Resources */,
			);
			runOnlyForDeploymentPostprocessing = 0;
		};
		3E9D667519B5788A001EC9B1 /* Resources */ = {
			isa = PBXResourcesBuildPhase;
			buildActionMask = 2147483647;
			files = (
			);
			runOnlyForDeploymentPostprocessing = 0;
		};
/* End PBXResourcesBuildPhase section */

/* Begin PBXSourcesBuildPhase section */
		3E9D666119B5788A001EC9B1 /* Sources */ = {
			isa = PBXSourcesBuildPhase;
			buildActionMask = 2147483647;
			files = (
				3E9D666D19B5788A001EC9B1 /* ViewController.swift in Sources */,
				3E9D666B19B5788A001EC9B1 /* AppDelegate.swift in Sources */,
				3E9D668819B593C6001EC9B1 /* ArrayWrapper.swift in Sources */,
			);
			runOnlyForDeploymentPostprocessing = 0;
		};
		3E9D667319B5788A001EC9B1 /* Sources */ = {
			isa = PBXSourcesBuildPhase;
			buildActionMask = 2147483647;
			files = (
				3E9D667E19B5788A001EC9B1 /* InlineTestTests.swift in Sources */,
			);
			runOnlyForDeploymentPostprocessing = 0;
		};
/* End PBXSourcesBuildPhase section */

/* Begin PBXTargetDependency section */
		3E9D667919B5788A001EC9B1 /* PBXTargetDependency */ = {
			isa = PBXTargetDependency;
			target = 3E9D666419B5788A001EC9B1 /* InlineTest */;
			targetProxy = 3E9D667819B5788A001EC9B1 /* PBXContainerItemProxy */;
		};
/* End PBXTargetDependency section */

/* Begin PBXVariantGroup section */
		3E9D666E19B5788A001EC9B1 /* Main.storyboard */ = {
			isa = PBXVariantGroup;
			children = (
				3E9D666F19B5788A001EC9B1 /* Base */,
			);
			name = Main.storyboard;
			sourceTree = "<group>";
		};
/* End PBXVariantGroup section */

/* Begin XCBuildConfiguration section */
		3E9D667F19B5788A001EC9B1 /* Debug */ = {
			isa = XCBuildConfiguration;
			buildSettings = {
				ALWAYS_SEARCH_USER_PATHS = NO;
				CLANG_CXX_LANGUAGE_STANDARD = "gnu++0x";
				CLANG_CXX_LIBRARY = "libc++";
				CLANG_ENABLE_MODULES = YES;
				CLANG_ENABLE_OBJC_ARC = YES;
				CLANG_WARN_BOOL_CONVERSION = YES;
				CLANG_WARN_CONSTANT_CONVERSION = YES;
				CLANG_WARN_DIRECT_OBJC_ISA_USAGE = YES_ERROR;
				CLANG_WARN_EMPTY_BODY = YES;
				CLANG_WARN_ENUM_CONVERSION = YES;
				CLANG_WARN_INT_CONVERSION = YES;
				CLANG_WARN_OBJC_ROOT_CLASS = YES_ERROR;
				CLANG_WARN_UNREACHABLE_CODE = YES;
				CLANG_WARN__DUPLICATE_METHOD_MATCH = YES;
				"CODE_SIGN_IDENTITY[sdk=iphoneos*]" = "iPhone Developer";
				COPY_PHASE_STRIP = NO;
				ENABLE_STRICT_OBJC_MSGSEND = YES;
				GCC_C_LANGUAGE_STANDARD = gnu99;
				GCC_DYNAMIC_NO_PIC = NO;
				GCC_OPTIMIZATION_LEVEL = 0;
				GCC_PREPROCESSOR_DEFINITIONS = (
					"DEBUG=1",
					"$(inherited)",
				);
				GCC_SYMBOLS_PRIVATE_EXTERN = NO;
				GCC_WARN_64_TO_32_BIT_CONVERSION = YES;
				GCC_WARN_ABOUT_RETURN_TYPE = YES_ERROR;
				GCC_WARN_UNDECLARED_SELECTOR = YES;
				GCC_WARN_UNINITIALIZED_AUTOS = YES_AGGRESSIVE;
				GCC_WARN_UNUSED_FUNCTION = YES;
				GCC_WARN_UNUSED_VARIABLE = YES;
				IPHONEOS_DEPLOYMENT_TARGET = 8.0;
				MTL_ENABLE_DEBUG_INFO = YES;
				ONLY_ACTIVE_ARCH = YES;
				SDKROOT = iphoneos;
				SWIFT_OPTIMIZATION_LEVEL = "-Onone";
				TARGETED_DEVICE_FAMILY = 2;
			};
			name = Debug;
		};
		3E9D668019B5788A001EC9B1 /* Release */ = {
			isa = XCBuildConfiguration;
			buildSettings = {
				ALWAYS_SEARCH_USER_PATHS = NO;
				CLANG_CXX_LANGUAGE_STANDARD = "gnu++0x";
				CLANG_CXX_LIBRARY = "libc++";
				CLANG_ENABLE_MODULES = YES;
				CLANG_ENABLE_OBJC_ARC = YES;
				CLANG_WARN_BOOL_CONVERSION = YES;
				CLANG_WARN_CONSTANT_CONVERSION = YES;
				CLANG_WARN_DIRECT_OBJC_ISA_USAGE = YES_ERROR;
				CLANG_WARN_EMPTY_BODY = YES;
				CLANG_WARN_ENUM_CONVERSION = YES;
				CLANG_WARN_INT_CONVERSION = YES;
				CLANG_WARN_OBJC_ROOT_CLASS = YES_ERROR;
				CLANG_WARN_UNREACHABLE_CODE = YES;
				CLANG_WARN__DUPLICATE_METHOD_MATCH = YES;
				"CODE_SIGN_IDENTITY[sdk=iphoneos*]" = "iPhone Developer";
				COPY_PHASE_STRIP = YES;
				ENABLE_NS_ASSERTIONS = NO;
				ENABLE_STRICT_OBJC_MSGSEND = YES;
				GCC_C_LANGUAGE_STANDARD = gnu99;
				GCC_WARN_64_TO_32_BIT_CONVERSION = YES;
				GCC_WARN_ABOUT_RETURN_TYPE = YES_ERROR;
				GCC_WARN_UNDECLARED_SELECTOR = YES;
				GCC_WARN_UNINITIALIZED_AUTOS = YES_AGGRESSIVE;
				GCC_WARN_UNUSED_FUNCTION = YES;
				GCC_WARN_UNUSED_VARIABLE = YES;
				IPHONEOS_DEPLOYMENT_TARGET = 8.0;
				MTL_ENABLE_DEBUG_INFO = NO;
				SDKROOT = iphoneos;
				TARGETED_DEVICE_FAMILY = 2;
				VALIDATE_PRODUCT = YES;
			};
			name = Release;
		};
		3E9D668219B5788A001EC9B1 /* Debug */ = {
			isa = XCBuildConfiguration;
			buildSettings = {
				ASSETCATALOG_COMPILER_APPICON_NAME = AppIcon;
				ASSETCATALOG_COMPILER_LAUNCHIMAGE_NAME = LaunchImage;
				INFOPLIST_FILE = InlineTest/Info.plist;
				LD_RUNPATH_SEARCH_PATHS = "$(inherited) @executable_path/Frameworks";
				PRODUCT_NAME = "$(TARGET_NAME)";
			};
			name = Debug;
		};
		3E9D668319B5788A001EC9B1 /* Release */ = {
			isa = XCBuildConfiguration;
			buildSettings = {
				ASSETCATALOG_COMPILER_APPICON_NAME = AppIcon;
				ASSETCATALOG_COMPILER_LAUNCHIMAGE_NAME = LaunchImage;
				INFOPLIST_FILE = InlineTest/Info.plist;
				LD_RUNPATH_SEARCH_PATHS = "$(inherited) @executable_path/Frameworks";
				PRODUCT_NAME = "$(TARGET_NAME)";
				SWIFT_OPTIMIZATION_LEVEL = "-O";
			};
			name = Release;
		};
		3E9D668519B5788A001EC9B1 /* Debug */ = {
			isa = XCBuildConfiguration;
			buildSettings = {
				BUNDLE_LOADER = "$(TEST_HOST)";
				FRAMEWORK_SEARCH_PATHS = (
					"$(SDKROOT)/Developer/Library/Frameworks",
					"$(inherited)",
				);
				GCC_PREPROCESSOR_DEFINITIONS = (
					"DEBUG=1",
					"$(inherited)",
				);
				INFOPLIST_FILE = InlineTestTests/Info.plist;
				LD_RUNPATH_SEARCH_PATHS = "$(inherited) @executable_path/Frameworks @loader_path/Frameworks";
				PRODUCT_NAME = "$(TARGET_NAME)";
				TEST_HOST = "$(BUILT_PRODUCTS_DIR)/InlineTest.app/InlineTest";
			};
			name = Debug;
		};
		3E9D668619B5788A001EC9B1 /* Release */ = {
			isa = XCBuildConfiguration;
			buildSettings = {
				BUNDLE_LOADER = "$(TEST_HOST)";
				FRAMEWORK_SEARCH_PATHS = (
					"$(SDKROOT)/Developer/Library/Frameworks",
					"$(inherited)",
				);
				INFOPLIST_FILE = InlineTestTests/Info.plist;
				LD_RUNPATH_SEARCH_PATHS = "$(inherited) @executable_path/Frameworks @loader_path/Frameworks";
				PRODUCT_NAME = "$(TARGET_NAME)";
				TEST_HOST = "$(BUILT_PRODUCTS_DIR)/InlineTest.app/InlineTest";
			};
			name = Release;
		};
/* End XCBuildConfiguration section */

/* Begin XCConfigurationList section */
		3E9D666019B5788A001EC9B1 /* Build configuration list for PBXProject "InlineTest" */ = {
			isa = XCConfigurationList;
			buildConfigurations = (
				3E9D667F19B5788A001EC9B1 /* Debug */,
				3E9D668019B5788A001EC9B1 /* Release */,
			);
			defaultConfigurationIsVisible = 0;
			defaultConfigurationName = Release;
		};
		3E9D668119B5788A001EC9B1 /* Build configuration list for PBXNativeTarget "InlineTest" */ = {
			isa = XCConfigurationList;
			buildConfigurations = (
				3E9D668219B5788A001EC9B1 /* Debug */,
				3E9D668319B5788A001EC9B1 /* Release */,
			);
			defaultConfigurationIsVisible = 0;
		};
		3E9D668419B5788A001EC9B1 /* Build configuration list for PBXNativeTarget "InlineTestTests" */ = {
			isa = XCConfigurationList;
			buildConfigurations = (
				3E9D668519B5788A001EC9B1 /* Debug */,
				3E9D668619B5788A001EC9B1 /* Release */,
			);
			defaultConfigurationIsVisible = 0;
		};
/* End XCConfigurationList section */
	};
	rootObject = 3E9D665D19B5788A001EC9B1 /* Project object */;
}
